
Microsoft Visual Studio Solution File, Format Version 12.00
# Visual Studio 14
VisualStudioVersion = 14.0.25420.1
MinimumVisualStudioVersion = 10.0.40219.1
Project("{8BC9CEB8-8B4A-11D0-8D11-00A0C91BC942}") = "RhizoVisionExplorer", "RhizoVisionExplorer\RhizoVisionExplorer.vcxproj", "{868F0440-8F50-4AAC-AEF2-C9A0AEB2635E}"
EndProject
Project("{2150E333-8FDC-42A3-9474-1A3956D46DE8}") = "Solution Items", "Solution Items", "{A147851C-C2B1-4F81-8DF1-71F4D8841EA4}"
	ProjectSection(SolutionItems) = preProject
		changelog.txt = changelog.txt
		LICENSE = LICENSE
		README.md = README.md
		RhizoVisionExplorer-window.png = RhizoVisionExplorer-window.png
		RVElogoclearback-150.png = RVElogoclearback-150.png
	EndProjectSection
EndProject
Global
	GlobalSection(SolutionConfigurationPlatforms) = preSolution
		Debug|x64 = Debug|x64
		Debug|x86 = Debug|x86
		Release|x64 = Release|x64
		Release|x86 = Release|x86
	EndGlobalSection
	GlobalSection(ProjectConfigurationPlatforms) = postSolution
		{868F0440-8F50-4AAC-AEF2-C9A0AEB2635E}.Debug|x64.ActiveCfg = Debug|x64
		{868F0440-8F50-4AAC-AEF2-C9A0AEB2635E}.Debug|x64.Build.0 = Debug|x64
		{868F0440-8F50-4AAC-AEF2-C9A0AEB2635E}.Debug|x86.ActiveCfg = Debug|x64
		{868F0440-8F50-4AAC-AEF2-C9A0AEB2635E}.Debug|x86.Build.0 = Debug|x64
		{868F0440-8F50-4AAC-AEF2-C9A0AEB2635E}.Release|x64.ActiveCfg = Release|x64
		{868F0440-8F50-4AAC-AEF2-C9A0AEB2635E}.Release|x64.Build.0 = Release|x64
		{868F0440-8F50-4AAC-AEF2-C9A0AEB2635E}.Release|x86.ActiveCfg = Release|Win32
		{868F0440-8F50-4AAC-AEF2-C9A0AEB2635E}.Release|x86.Build.0 = Release|Win32
	EndGlobalSection
	GlobalSection(SolutionProperties) = preSolution
		HideSolutionNode = FALSE
	EndGlobalSection
EndGlobal
