<?xml version="1.0" encoding="utf-8"?>
<Project ToolsVersion="4.0" xmlns="http://schemas.microsoft.com/developer/msbuild/2003">
  <ItemGroup>
    <Filter Include="Source Files">
      <UniqueIdentifier>{4FC737F1-C7A5-4376-A066-2A32D752A2FF}</UniqueIdentifier>
      <Extensions>cpp;c;cc;cxx;def;odl;idl;hpj;bat;asm;asmx</Extensions>
    </Filter>
    <Filter Include="Header Files">
      <UniqueIdentifier>{93995380-89BD-4b04-88EB-625FBE52EBFB}</UniqueIdentifier>
      <Extensions>h;hh;hpp;hxx;hm;inl;inc;xsd</Extensions>
    </Filter>
    <Filter Include="Resource Files">
      <UniqueIdentifier>{67DA6AB6-F800-4c08-8B7A-83BB121AAD01}</UniqueIdentifier>
      <Extensions>rc;ico;cur;bmp;dlg;rc2;rct;bin;rgs;gif;jpg;jpeg;jpe;resx;tiff;tif;png;wav;mfcribbon-ms</Extensions>
    </Filter>
  </ItemGroup>
  <ItemGroup>
    <ClCompile Include="main.cpp">
      <Filter>Source Files</Filter>
    </ClCompile>
    <ClCompile Include="rootsegmentprop.cpp">
      <Filter>Source Files</Filter>
    </ClCompile>
    <ClCompile Include="roottopology.cpp">
      <Filter>Source Files</Filter>
    </ClCompile>
    <ClCompile Include="MainUI.cpp">
      <Filter>Source Files</Filter>
    </ClCompile>
    <ClCompile Include="FeatureExtractorThread.cpp">
      <Filter>Source Files</Filter>
    </ClCompile>
    <ClCompile Include="moc_FeatureExtractorThread.cpp">
      <Filter>Source Files</Filter>
    </ClCompile>
    <ClCompile Include="moc_MainUI.cpp">
      <Filter>Source Files</Filter>
    </ClCompile>
    <ClCompile Include="qrc_resources.cpp">
      <Filter>Source Files</Filter>
    </ClCompile>
  </ItemGroup>
  <ItemGroup>
    <ClInclude Include="rootsegmentprop.h">
      <Filter>Header Files</Filter>
    </ClInclude>
    <ClInclude Include="common_types.h">
      <Filter>Header Files</Filter>
    </ClInclude>
    <ClInclude Include="demo.h">
      <Filter>Header Files</Filter>
    </ClInclude>
    <ClInclude Include="MainUI.h">
      <Filter>Source Files</Filter>
    </ClInclude>
    <ClInclude Include="FeatureExtractorThread.h">
      <Filter>Source Files</Filter>
    </ClInclude>
    <ClInclude Include="roottopology.h">
      <Filter>Header Files</Filter>
    </ClInclude>
    <ClInclude Include="resource.h">
      <Filter>Header Files</Filter>
    </ClInclude>
  </ItemGroup>
  <ItemGroup>
    <Text Include="changelog.txt" />
    <Text Include="COPYING" />
  </ItemGroup>
  <ItemGroup>
    <None Include="resources.qrc" />
    <None Include="README.md" />
  </ItemGroup>
  <ItemGroup>
    <ResourceCompile Include="RhizoVisionAnalyzer.rc">
      <Filter>Resource Files</Filter>
    </ResourceCompile>
  </ItemGroup>
  <ItemGroup>
    <Image Include="icons\rvanalyzernew.ico">
      <Filter>Resource Files</Filter>
    </Image>
  </ItemGroup>
</Project>